
Microsoft Visual Studio Solution File, Format Version 12.00
# Visual Studio Version 17
VisualStudioVersion = 17.14.36301.6
MinimumVisualStudioVersion = 10.0.40219.1
Project("{FAE04EC0-301F-11D3-BF4B-00C04F79EFBC}") = "LeaveManagementSystem", "LeaveManagementSystem\LeaveManagementSystem.csproj", "{C405CA49-10A6-4996-982A-D5A8812002C9}"
EndProject
Global
	GlobalSection(SolutionConfigurationPlatforms) = preSolution
		Debug|Any CPU = Debug|Any CPU
		Release|Any CPU = Release|Any CPU
	EndGlobalSection
	GlobalSection(ProjectConfigurationPlatforms) = postSolution
		{C405CA49-10A6-4996-982A-D5A8812002C9}.Debug|Any CPU.ActiveCfg = Debug|Any CPU
		{C405CA49-10A6-4996-982A-D5A8812002C9}.Debug|Any CPU.Build.0 = Debug|Any CPU
		{C405CA49-10A6-4996-982A-D5A8812002C9}.Release|Any CPU.ActiveCfg = Release|Any CPU
		{C405CA49-10A6-4996-982A-D5A8812002C9}.Release|Any CPU.Build.0 = Release|Any CPU
	EndGlobalSection
	GlobalSection(SolutionProperties) = preSolution
		HideSolutionNode = FALSE
	EndGlobalSection
	GlobalSection(ExtensibilityGlobals) = postSolution
		SolutionGuid = {B05551CD-1D64-4AD4-AA4C-B0BE367F8953}
	EndGlobalSection
EndGlobal
